
Microsoft Visual Studio Solution File, Format Version 12.00
# Visual Studio 15
VisualStudioVersion = 15.0.27428.2005
MinimumVisualStudioVersion = 10.0.40219.1
Project("{9A19103F-16F7-4668-BE54-9A1E7A4F7556}") = "WebApp", "WebApp\WebApp.csproj", "{3CDB5D18-966B-42F0-B3CD-A02632AC6DD2}"
EndProject
Project("{2150E333-8FDC-42A3-9474-1A3956D46DE8}") = "Presentacion", "Presentacion", "{554CB903-E2A7-4757-B5BA-D5BDE7D49F19}"
EndProject
Project("{2150E333-8FDC-42A3-9474-1A3956D46DE8}") = "Core", "Core", "{80ACF0C8-A33B-4C1B-A0EB-DEEC20E1A0B2}"
EndProject
Project("{9A19103F-16F7-4668-BE54-9A1E7A4F7556}") = "Core.Models", "Models\Core.Models.csproj", "{5679FA5F-893E-407F-845E-4BC1B71CA05A}"
EndProject
Project("{9A19103F-16F7-4668-BE54-9A1E7A4F7556}") = "Core.Services", "Services\Core.Services.csproj", "{45560944-FFCF-41C1-9E3E-523FBD2F9801}"
EndProject
Project("{2150E333-8FDC-42A3-9474-1A3956D46DE8}") = "Infrastructure", "Infrastructure", "{50506D5C-DFF8-4EF6-B32D-B20CA9F34604}"
EndProject
Project("{9A19103F-16F7-4668-BE54-9A1E7A4F7556}") = "DAOs", "DAOs\DAOs.csproj", "{3A1B1334-6ECC-4C26-8C30-80C922345BE1}"
EndProject
Project("{9A19103F-16F7-4668-BE54-9A1E7A4F7556}") = "Core.Providers", "Core.Providers\Core.Providers.csproj", "{B5F374FE-D090-4ACB-93B7-2A03629B55E5}"
EndProject
Project("{9A19103F-16F7-4668-BE54-9A1E7A4F7556}") = "ApiReports", "ApiReports\ApiReports.csproj", "{BAB2742A-7740-4A4C-9159-32E070F432E3}"
EndProject
Project("{FAE04EC0-301F-11D3-BF4B-00C04F79EFBC}") = "ReportsLibrary", "ReportsLibrary\ReportsLibrary.csproj", "{46306899-E9E2-46F3-8DA8-88D6DAC55103}"
EndProject
Global
	GlobalSection(SolutionConfigurationPlatforms) = preSolution
		Debug|Any CPU = Debug|Any CPU
		Release|Any CPU = Release|Any CPU
	EndGlobalSection
	GlobalSection(ProjectConfigurationPlatforms) = postSolution
		{3CDB5D18-966B-42F0-B3CD-A02632AC6DD2}.Debug|Any CPU.ActiveCfg = Debug|Any CPU
		{3CDB5D18-966B-42F0-B3CD-A02632AC6DD2}.Debug|Any CPU.Build.0 = Debug|Any CPU
		{3CDB5D18-966B-42F0-B3CD-A02632AC6DD2}.Release|Any CPU.ActiveCfg = Release|Any CPU
		{3CDB5D18-966B-42F0-B3CD-A02632AC6DD2}.Release|Any CPU.Build.0 = Release|Any CPU
		{5679FA5F-893E-407F-845E-4BC1B71CA05A}.Debug|Any CPU.ActiveCfg = Debug|Any CPU
		{5679FA5F-893E-407F-845E-4BC1B71CA05A}.Debug|Any CPU.Build.0 = Debug|Any CPU
		{5679FA5F-893E-407F-845E-4BC1B71CA05A}.Release|Any CPU.ActiveCfg = Release|Any CPU
		{5679FA5F-893E-407F-845E-4BC1B71CA05A}.Release|Any CPU.Build.0 = Release|Any CPU
		{45560944-FFCF-41C1-9E3E-523FBD2F9801}.Debug|Any CPU.ActiveCfg = Debug|Any CPU
		{45560944-FFCF-41C1-9E3E-523FBD2F9801}.Debug|Any CPU.Build.0 = Debug|Any CPU
		{45560944-FFCF-41C1-9E3E-523FBD2F9801}.Release|Any CPU.ActiveCfg = Release|Any CPU
		{45560944-FFCF-41C1-9E3E-523FBD2F9801}.Release|Any CPU.Build.0 = Release|Any CPU
		{3A1B1334-6ECC-4C26-8C30-80C922345BE1}.Debug|Any CPU.ActiveCfg = Debug|Any CPU
		{3A1B1334-6ECC-4C26-8C30-80C922345BE1}.Debug|Any CPU.Build.0 = Debug|Any CPU
		{3A1B1334-6ECC-4C26-8C30-80C922345BE1}.Release|Any CPU.ActiveCfg = Release|Any CPU
		{3A1B1334-6ECC-4C26-8C30-80C922345BE1}.Release|Any CPU.Build.0 = Release|Any CPU
		{B5F374FE-D090-4ACB-93B7-2A03629B55E5}.Debug|Any CPU.ActiveCfg = Debug|Any CPU
		{B5F374FE-D090-4ACB-93B7-2A03629B55E5}.Debug|Any CPU.Build.0 = Debug|Any CPU
		{B5F374FE-D090-4ACB-93B7-2A03629B55E5}.Release|Any CPU.ActiveCfg = Release|Any CPU
		{B5F374FE-D090-4ACB-93B7-2A03629B55E5}.Release|Any CPU.Build.0 = Release|Any CPU
		{BAB2742A-7740-4A4C-9159-32E070F432E3}.Debug|Any CPU.ActiveCfg = Debug|Any CPU
		{BAB2742A-7740-4A4C-9159-32E070F432E3}.Debug|Any CPU.Build.0 = Debug|Any CPU
		{BAB2742A-7740-4A4C-9159-32E070F432E3}.Release|Any CPU.ActiveCfg = Release|Any CPU
		{BAB2742A-7740-4A4C-9159-32E070F432E3}.Release|Any CPU.Build.0 = Release|Any CPU
		{46306899-E9E2-46F3-8DA8-88D6DAC55103}.Debug|Any CPU.ActiveCfg = Debug|Any CPU
		{46306899-E9E2-46F3-8DA8-88D6DAC55103}.Debug|Any CPU.Build.0 = Debug|Any CPU
		{46306899-E9E2-46F3-8DA8-88D6DAC55103}.Release|Any CPU.ActiveCfg = Release|Any CPU
		{46306899-E9E2-46F3-8DA8-88D6DAC55103}.Release|Any CPU.Build.0 = Release|Any CPU
	EndGlobalSection
	GlobalSection(SolutionProperties) = preSolution
		HideSolutionNode = FALSE
	EndGlobalSection
	GlobalSection(NestedProjects) = preSolution
		{3CDB5D18-966B-42F0-B3CD-A02632AC6DD2} = {554CB903-E2A7-4757-B5BA-D5BDE7D49F19}
		{5679FA5F-893E-407F-845E-4BC1B71CA05A} = {80ACF0C8-A33B-4C1B-A0EB-DEEC20E1A0B2}
		{45560944-FFCF-41C1-9E3E-523FBD2F9801} = {80ACF0C8-A33B-4C1B-A0EB-DEEC20E1A0B2}
		{3A1B1334-6ECC-4C26-8C30-80C922345BE1} = {50506D5C-DFF8-4EF6-B32D-B20CA9F34604}
		{B5F374FE-D090-4ACB-93B7-2A03629B55E5} = {80ACF0C8-A33B-4C1B-A0EB-DEEC20E1A0B2}
		{BAB2742A-7740-4A4C-9159-32E070F432E3} = {554CB903-E2A7-4757-B5BA-D5BDE7D49F19}
		{46306899-E9E2-46F3-8DA8-88D6DAC55103} = {50506D5C-DFF8-4EF6-B32D-B20CA9F34604}
	EndGlobalSection
	GlobalSection(ExtensibilityGlobals) = postSolution
		SolutionGuid = {9B9B0337-8F6F-4FC8-A2DC-3A496AECDCDE}
	EndGlobalSection
EndGlobal
